# This file is automatically @generated by Cargo.
# It is not intended for manual editing.
version = 4

[[package]]
name = "kfaceauth-cli"
version = "0.1.0"
dependencies = [
 "kfaceauth-daemon",
 "kfaceauth-protocol",
]

[[package]]
name = "kfaceauth-daemon"
version = "0.1.0"
dependencies = [
 "kfaceauth-protocol",
 "kfaceauth-templates",
 "kfaceauth-vision",
]

[[package]]
name = "kfaceauth-protocol"
version = "0.1.0"

[[package]]
name = "kfaceauth-templates"
version = "0.1.0"

[[package]]
name = "kfaceauth-vision"
version = "0.1.0"
dependencies = [
 "kfaceauth-vision-opencv-sys",
]

[[package]]
name = "kfaceauth-vision-opencv-sys"
version = "0.1.0"
